{
  "name": "smart-color",
  "version": "1.2.1",
  "lockfileVersion": 2,
  "requires": true,
  "packages": {
    "": {
      "name": "smart-color",
      "version": "1.2.1",
      "license": "MIT",
      "dependencies": {
        "commander": "^11.0.0",
        "num-inv-func": "1.1.1",
        "objectools": "1.0.4"
      },
      "bin": {
        "inv-lum": "cli.js"
      },
      "devDependencies": {
        "@types/commander": "^2.12.2",
        "@types/node": "^20.5.9",
        "enhanced-console-logs": "1.0.2",
        "typescript": "^5.2.2"
      },
      "engines": {
        "node": ">=18"
      }
    },
    "node_modules/@types/commander": {
      "version": "2.12.2",
      "resolved": "https://registry.npmjs.org/@types/commander/-/commander-2.12.2.tgz",
      "integrity": "sha512-0QEFiR8ljcHp9bAbWxecjVRuAMr16ivPiGOw6KFQBVrVd0RQIcM3xKdRisH2EDWgVWujiYtHwhSkSUoAAGzH7Q==",
      "deprecated": "This is a stub types definition for commander (https://github.com/tj/commander.js). commander provides its own type definitions, so you don't need @types/commander installed!",
      "dev": true,
      "dependencies": {
        "commander": "*"
      }
    },
    "node_modules/@types/node": {
      "version": "20.5.9",
      "resolved": "https://registry.npmjs.org/@types/node/-/node-20.5.9.tgz",
      "integrity": "sha512-PcGNd//40kHAS3sTlzKB9C9XL4K0sTup8nbG5lC14kzEteTNuAFh9u5nA0o5TWnSG2r/JNPRXFVcHJIIeRlmqQ==",
      "dev": true
    },
    "node_modules/commander": {
      "version": "11.0.0",
      "resolved": "https://registry.npmjs.org/commander/-/commander-11.0.0.tgz",
      "integrity": "sha512-9HMlXtt/BNoYr8ooyjjNRdIilOTkVJXB+GhxMTtOKwk0R4j4lS4NpjuqmRxroBfnfTSHQIHQB7wryHhXarNjmQ==",
      "engines": {
        "node": ">=16"
      }
    },
    "node_modules/enhanced-console-logs": {
      "version": "1.0.2",
      "resolved": "https://registry.npmjs.org/enhanced-console-logs/-/enhanced-console-logs-1.0.2.tgz",
      "integrity": "sha512-DSBby5JaFurvrdt/1Xb4YmJBrFOfxAd0LBwa4+sKPlPks8+7MPB6Z5mpt7mIXhiVYrOVU1WvRjxXExAevRy0/g==",
      "dev": true,
      "engines": {
        "node": ">=16"
      }
    },
    "node_modules/num-inv-func": {
      "version": "1.1.1",
      "resolved": "https://registry.npmjs.org/num-inv-func/-/num-inv-func-1.1.1.tgz",
      "integrity": "sha512-R681Ctv02AgVGUgKzAZSbYk25GaV+H6LFBuwPrEiuehNGXi6oey5Sp1eG2F/5wIQIjJulkwXjYgP1/0DjKB4IQ==",
      "engines": {
        "node": ">=16"
      }
    },
    "node_modules/objectools": {
      "version": "1.0.4",
      "resolved": "https://registry.npmjs.org/objectools/-/objectools-1.0.4.tgz",
      "integrity": "sha512-YqKdkukfMjZPB6sRKjX1OYk0AW28Cdd8tk41c/UozijNpT0YGbErfa9VtoET1UFgFrHRC6yaoDf8bL2mB1/lOQ==",
      "engines": {
        "node": ">=18"
      }
    },
    "node_modules/typescript": {
      "version": "5.2.2",
      "resolved": "https://registry.npmjs.org/typescript/-/typescript-5.2.2.tgz",
      "integrity": "sha512-mI4WrpHsbCIcwT9cF4FZvr80QUeKvsUsUvKDoR+X/7XHQH98xYD8YHZg7ANtz2GtZt/CBq2QJ0thkGJMHfqc1w==",
      "dev": true,
      "bin": {
        "tsc": "bin/tsc",
        "tsserver": "bin/tsserver"
      },
      "engines": {
        "node": ">=14.17"
      }
    }
  },
  "dependencies": {
    "@types/commander": {
      "version": "2.12.2",
      "resolved": "https://registry.npmjs.org/@types/commander/-/commander-2.12.2.tgz",
      "integrity": "sha512-0QEFiR8ljcHp9bAbWxecjVRuAMr16ivPiGOw6KFQBVrVd0RQIcM3xKdRisH2EDWgVWujiYtHwhSkSUoAAGzH7Q==",
      "dev": true,
      "requires": {
        "commander": "*"
      }
    },
    "@types/node": {
      "version": "20.5.9",
      "resolved": "https://registry.npmjs.org/@types/node/-/node-20.5.9.tgz",
      "integrity": "sha512-PcGNd//40kHAS3sTlzKB9C9XL4K0sTup8nbG5lC14kzEteTNuAFh9u5nA0o5TWnSG2r/JNPRXFVcHJIIeRlmqQ==",
      "dev": true
    },
    "commander": {
      "version": "11.0.0",
      "resolved": "https://registry.npmjs.org/commander/-/commander-11.0.0.tgz",
      "integrity": "sha512-9HMlXtt/BNoYr8ooyjjNRdIilOTkVJXB+GhxMTtOKwk0R4j4lS4NpjuqmRxroBfnfTSHQIHQB7wryHhXarNjmQ=="
    },
    "enhanced-console-logs": {
      "version": "1.0.2",
      "resolved": "https://registry.npmjs.org/enhanced-console-logs/-/enhanced-console-logs-1.0.2.tgz",
      "integrity": "sha512-DSBby5JaFurvrdt/1Xb4YmJBrFOfxAd0LBwa4+sKPlPks8+7MPB6Z5mpt7mIXhiVYrOVU1WvRjxXExAevRy0/g==",
      "dev": true
    },
    "num-inv-func": {
      "version": "1.1.1",
      "resolved": "https://registry.npmjs.org/num-inv-func/-/num-inv-func-1.1.1.tgz",
      "integrity": "sha512-R681Ctv02AgVGUgKzAZSbYk25GaV+H6LFBuwPrEiuehNGXi6oey5Sp1eG2F/5wIQIjJulkwXjYgP1/0DjKB4IQ=="
    },
    "objectools": {
      "version": "1.0.4",
      "resolved": "https://registry.npmjs.org/objectools/-/objectools-1.0.4.tgz",
      "integrity": "sha512-YqKdkukfMjZPB6sRKjX1OYk0AW28Cdd8tk41c/UozijNpT0YGbErfa9VtoET1UFgFrHRC6yaoDf8bL2mB1/lOQ=="
    },
    "typescript": {
      "version": "5.2.2",
      "resolved": "https://registry.npmjs.org/typescript/-/typescript-5.2.2.tgz",
      "integrity": "sha512-mI4WrpHsbCIcwT9cF4FZvr80QUeKvsUsUvKDoR+X/7XHQH98xYD8YHZg7ANtz2GtZt/CBq2QJ0thkGJMHfqc1w==",
      "dev": true
    }
  }
}
