{
  "name": "smart-color",
  "version": "1.1.4",
  "lockfileVersion": 2,
  "requires": true,
  "packages": {
    "": {
      "name": "smart-color",
      "version": "1.1.4",
      "license": "MIT",
      "dependencies": {
        "commander": "^9.4.0",
        "num-inv-func": "1.0.1",
        "objecter": "1.0.2"
      },
      "bin": {
        "inv-lum": "src/cli.js"
      },
      "devDependencies": {
        "enhanced-console-logs": "1.0.2"
      },
      "engines": {
        "node": ">=16"
      }
    },
    "node_modules/commander": {
      "version": "9.4.0",
      "resolved": "https://registry.npmjs.org/commander/-/commander-9.4.0.tgz",
      "integrity": "sha512-sRPT+umqkz90UA8M1yqYfnHlZA7fF6nSphDtxeywPZ49ysjxDQybzk13CL+mXekDRG92skbcqCLVovuCusNmFw==",
      "engines": {
        "node": "^12.20.0 || >=14"
      }
    },
    "node_modules/enhanced-console-logs": {
      "version": "1.0.2",
      "resolved": "https://registry.npmjs.org/enhanced-console-logs/-/enhanced-console-logs-1.0.2.tgz",
      "integrity": "sha512-DSBby5JaFurvrdt/1Xb4YmJBrFOfxAd0LBwa4+sKPlPks8+7MPB6Z5mpt7mIXhiVYrOVU1WvRjxXExAevRy0/g==",
      "dev": true,
      "engines": {
        "node": ">=16"
      }
    },
    "node_modules/num-inv-func": {
      "version": "1.0.1",
      "resolved": "https://registry.npmjs.org/num-inv-func/-/num-inv-func-1.0.1.tgz",
      "integrity": "sha512-zq4p1YYiU7r6MUNSuLT270mQEH7mLTq8v9n+yW5rt8itEb0ZW7c4DgUEyvoS9e47i5XBRks0r/hehzXOCcLn8Q==",
      "engines": {
        "node": ">=16"
      }
    },
    "node_modules/objecter": {
      "version": "1.0.2",
      "resolved": "https://registry.npmjs.org/objecter/-/objecter-1.0.2.tgz",
      "integrity": "sha512-vwLwHcHFrRx4JrJ8dEE7McLNrygag9FEsJUsK3zTi8NiND5vLBpEEI3UZa0f1EO+Nj8g/hcBNwdh1qqVidMvig==",
      "engines": {
        "node": ">=16"
      }
    }
  },
  "dependencies": {
    "commander": {
      "version": "9.4.0",
      "resolved": "https://registry.npmjs.org/commander/-/commander-9.4.0.tgz",
      "integrity": "sha512-sRPT+umqkz90UA8M1yqYfnHlZA7fF6nSphDtxeywPZ49ysjxDQybzk13CL+mXekDRG92skbcqCLVovuCusNmFw=="
    },
    "enhanced-console-logs": {
      "version": "1.0.2",
      "resolved": "https://registry.npmjs.org/enhanced-console-logs/-/enhanced-console-logs-1.0.2.tgz",
      "integrity": "sha512-DSBby5JaFurvrdt/1Xb4YmJBrFOfxAd0LBwa4+sKPlPks8+7MPB6Z5mpt7mIXhiVYrOVU1WvRjxXExAevRy0/g==",
      "dev": true
    },
    "num-inv-func": {
      "version": "1.0.1",
      "resolved": "https://registry.npmjs.org/num-inv-func/-/num-inv-func-1.0.1.tgz",
      "integrity": "sha512-zq4p1YYiU7r6MUNSuLT270mQEH7mLTq8v9n+yW5rt8itEb0ZW7c4DgUEyvoS9e47i5XBRks0r/hehzXOCcLn8Q=="
    },
    "objecter": {
      "version": "1.0.2",
      "resolved": "https://registry.npmjs.org/objecter/-/objecter-1.0.2.tgz",
      "integrity": "sha512-vwLwHcHFrRx4JrJ8dEE7McLNrygag9FEsJUsK3zTi8NiND5vLBpEEI3UZa0f1EO+Nj8g/hcBNwdh1qqVidMvig=="
    }
  }
}
